{
  "version": 4,
  "terraform_version": "0.12.17",
  "serial": 8,
  "lineage": "b4f17b82-ca26-3897-a7c0-26ed0c790dd5",
  "outputs": {},
  "resources": [
    {
      "mode": "managed",
      "type": "google_compute_instance",
      "name": "vm_instance",
      "provider": "provider.google",
      "instances": [
        {
          "schema_version": 6,
          "attributes": {
            "allow_stopping_for_update": null,
            "attached_disk": [],
            "boot_disk": [
              {
                "auto_delete": true,
                "device_name": "persistent-disk-0",
                "disk_encryption_key_raw": "",
                "disk_encryption_key_sha256": "",
                "initialize_params": [
                  {
                    "image": "https://www.googleapis.com/compute/v1/projects/ubuntu-os-cloud/global/images/ubuntu-1804-bionic-v20210702",
                    "labels": {},
                    "size": 20,
                    "type": "pd-standard"
                  }
                ],
                "kms_key_self_link": "",
                "mode": "READ_WRITE",
                "source": "https://www.googleapis.com/compute/v1/projects/sound-octagon-305215/zones/us-central1-a/disks/dev-server"
              }
            ],
            "can_ip_forward": false,
            "cpu_platform": "Intel Haswell",
            "deletion_protection": false,
            "description": "",
            "enable_display": false,
            "guest_accelerator": [],
            "hostname": "",
            "id": "projects/sound-octagon-305215/zones/us-central1-a/instances/dev-server",
            "instance_id": "8645416325591655797",
            "label_fingerprint": "42WmSpB8rSM=",
            "labels": null,
            "machine_type": "n1-standard-2",
            "metadata": {
              "ssh-keys": "deployer:ssh-rsa AAAAB3NzaC1yc2EAAAADAQABAAABAQCurS8OQOTvWHsTwRl4oYyotDkkgUbqXgreDI5yl6rflIk9PvNcW8MBOYnB6hgj/v071D61Cm5/kUkkfosP4L6f7EHXESC8m5oiRfFjrNlmW+Hk2ZCA4/HieckxyIkPi6o3mSZrIMF0c3h8RsOdc+QERZ7yISAH+9E7O1Zy+C4XxYTz7yNgHksGuRebAhqbrlc+QooGJ5ll9Dtj9uTL080TItVGzeO2OZCrihHq16NYTh9lO21C0XZVddbDxLtgp973qm0SIuFjnNowiHFFgUuHPcVmAOK09+AGfIhijxUlfcgJyAQX0o6bYdtD8lQ5PuQSATrBCyaktGVMGIyNsHpJ deployer \n"
            },
            "metadata_fingerprint": "k3t8oTltwow=",
            "metadata_startup_script": "#!/bin/bash\nsudo apt-get -y remove docker docker-engine docker.io containerd runc\nsudo apt-get -y update\nsudo apt-get -y install \\\n    apt-transport-https \\\n    ca-certificates \\\n    curl \\\n    gnupg-agent \\\n    software-properties-common\ncurl -fsSL https://download.docker.com/linux/ubuntu/gpg | sudo apt-key add -\nsudo apt-key fingerprint 0EBFCD88\nsudo add-apt-repository \\\n   \"deb [arch=amd64] https://download.docker.com/linux/ubuntu \\\n   $(lsb_release -cs) \\\n   stable\"\nsudo apt-get -y update\nsudo apt-get -y install docker-ce docker-ce-cli containerd.io",
            "min_cpu_platform": "",
            "name": "dev-server",
            "network_interface": [
              {
                "access_config": [
                  {
                    "nat_ip": "35.226.186.138",
                    "network_tier": "PREMIUM",
                    "public_ptr_domain_name": ""
                  }
                ],
                "alias_ip_range": [],
                "name": "nic0",
                "network": "https://www.googleapis.com/compute/v1/projects/sound-octagon-305215/global/networks/default",
                "network_ip": "10.128.0.10",
                "subnetwork": "https://www.googleapis.com/compute/v1/projects/sound-octagon-305215/regions/us-central1/subnetworks/default",
                "subnetwork_project": "sound-octagon-305215"
              }
            ],
            "project": "sound-octagon-305215",
            "scheduling": [
              {
                "automatic_restart": false,
                "node_affinities": [],
                "on_host_maintenance": "TERMINATE",
                "preemptible": true
              }
            ],
            "scratch_disk": [],
            "self_link": "https://www.googleapis.com/compute/v1/projects/sound-octagon-305215/zones/us-central1-a/instances/dev-server",
            "service_account": [],
            "shielded_instance_config": [
              {
                "enable_integrity_monitoring": true,
                "enable_secure_boot": false,
                "enable_vtpm": true
              }
            ],
            "tags": null,
            "tags_fingerprint": "42WmSpB8rSM=",
            "timeouts": null,
            "zone": "us-central1-a"
          },
          "private": "eyJlMmJmYjczMC1lY2FhLTExZTYtOGY4OC0zNDM2M2JjN2M0YzAiOnsiY3JlYXRlIjoxMjAwMDAwMDAwMDAwLCJkZWxldGUiOjEyMDAwMDAwMDAwMDAsInVwZGF0ZSI6MTIwMDAwMDAwMDAwMH0sInNjaGVtYV92ZXJzaW9uIjoiNiJ9"
        }
      ]
    },
    {
      "mode": "managed",
      "type": "google_compute_instance",
      "name": "vm_instance1",
      "provider": "provider.google",
      "instances": [
        {
          "schema_version": 6,
          "attributes": {
            "allow_stopping_for_update": null,
            "attached_disk": [],
            "boot_disk": [
              {
                "auto_delete": true,
                "device_name": "persistent-disk-0",
                "disk_encryption_key_raw": "",
                "disk_encryption_key_sha256": "",
                "initialize_params": [
                  {
                    "image": "https://www.googleapis.com/compute/v1/projects/ubuntu-os-cloud/global/images/ubuntu-1804-bionic-v20210702",
                    "labels": {},
                    "size": 20,
                    "type": "pd-standard"
                  }
                ],
                "kms_key_self_link": "",
                "mode": "READ_WRITE",
                "source": "https://www.googleapis.com/compute/v1/projects/sound-octagon-305215/zones/us-central1-a/disks/qa-server"
              }
            ],
            "can_ip_forward": false,
            "cpu_platform": "Intel Haswell",
            "deletion_protection": false,
            "description": "",
            "enable_display": false,
            "guest_accelerator": [],
            "hostname": "",
            "id": "projects/sound-octagon-305215/zones/us-central1-a/instances/qa-server",
            "instance_id": "2148616715104216437",
            "label_fingerprint": "42WmSpB8rSM=",
            "labels": null,
            "machine_type": "n1-standard-2",
            "metadata": {
              "ssh-keys": "deployer:ssh-rsa AAAAB3NzaC1yc2EAAAADAQABAAABAQCurS8OQOTvWHsTwRl4oYyotDkkgUbqXgreDI5yl6rflIk9PvNcW8MBOYnB6hgj/v071D61Cm5/kUkkfosP4L6f7EHXESC8m5oiRfFjrNlmW+Hk2ZCA4/HieckxyIkPi6o3mSZrIMF0c3h8RsOdc+QERZ7yISAH+9E7O1Zy+C4XxYTz7yNgHksGuRebAhqbrlc+QooGJ5ll9Dtj9uTL080TItVGzeO2OZCrihHq16NYTh9lO21C0XZVddbDxLtgp973qm0SIuFjnNowiHFFgUuHPcVmAOK09+AGfIhijxUlfcgJyAQX0o6bYdtD8lQ5PuQSATrBCyaktGVMGIyNsHpJ deployer \n"
            },
            "metadata_fingerprint": "k3t8oTltwow=",
            "metadata_startup_script": "#!/bin/bash\nsudo apt-get -y remove docker docker-engine docker.io containerd runc\nsudo apt-get -y update\nsudo apt-get -y install \\\n    apt-transport-https \\\n    ca-certificates \\\n    curl \\\n    gnupg-agent \\\n    software-properties-common\ncurl -fsSL https://download.docker.com/linux/ubuntu/gpg | sudo apt-key add -\nsudo apt-key fingerprint 0EBFCD88\nsudo add-apt-repository \\\n   \"deb [arch=amd64] https://download.docker.com/linux/ubuntu \\\n   $(lsb_release -cs) \\\n   stable\"\nsudo apt-get -y update\nsudo apt-get -y install docker-ce docker-ce-cli containerd.io",
            "min_cpu_platform": "",
            "name": "qa-server",
            "network_interface": [
              {
                "access_config": [
                  {
                    "nat_ip": "34.136.179.38",
                    "network_tier": "PREMIUM",
                    "public_ptr_domain_name": ""
                  }
                ],
                "alias_ip_range": [],
                "name": "nic0",
                "network": "https://www.googleapis.com/compute/v1/projects/sound-octagon-305215/global/networks/default",
                "network_ip": "10.128.0.9",
                "subnetwork": "https://www.googleapis.com/compute/v1/projects/sound-octagon-305215/regions/us-central1/subnetworks/default",
                "subnetwork_project": "sound-octagon-305215"
              }
            ],
            "project": "sound-octagon-305215",
            "scheduling": [
              {
                "automatic_restart": false,
                "node_affinities": [],
                "on_host_maintenance": "TERMINATE",
                "preemptible": true
              }
            ],
            "scratch_disk": [],
            "self_link": "https://www.googleapis.com/compute/v1/projects/sound-octagon-305215/zones/us-central1-a/instances/qa-server",
            "service_account": [],
            "shielded_instance_config": [
              {
                "enable_integrity_monitoring": true,
                "enable_secure_boot": false,
                "enable_vtpm": true
              }
            ],
            "tags": null,
            "tags_fingerprint": "42WmSpB8rSM=",
            "timeouts": null,
            "zone": "us-central1-a"
          },
          "private": "eyJlMmJmYjczMC1lY2FhLTExZTYtOGY4OC0zNDM2M2JjN2M0YzAiOnsiY3JlYXRlIjoxMjAwMDAwMDAwMDAwLCJkZWxldGUiOjEyMDAwMDAwMDAwMDAsInVwZGF0ZSI6MTIwMDAwMDAwMDAwMH0sInNjaGVtYV92ZXJzaW9uIjoiNiJ9"
        }
      ]
    }
  ]
}
